
Microsoft Visual Studio Solution File, Format Version 12.00
# Visual Studio Version 17
VisualStudioVersion = 17.7.34221.43
MinimumVisualStudioVersion = 10.0.40219.1
Project("{FAE04EC0-301F-11D3-BF4B-00C04F79EFBC}") = "PrintHtmlToPDF", "PrintHtmlToPDF.csproj", "{11E73F22-B085-4DDC-AF35-9F36F66FBEEF}"
EndProject
Global
	GlobalSection(SolutionConfigurationPlatforms) = preSolution
		Debug|Any CPU = Debug|Any CPU
		Release|Any CPU = Release|Any CPU
	EndGlobalSection
	GlobalSection(ProjectConfigurationPlatforms) = postSolution
		{11E73F22-B085-4DDC-AF35-9F36F66FBEEF}.Debug|Any CPU.ActiveCfg = Debug|Any CPU
		{11E73F22-B085-4DDC-AF35-9F36F66FBEEF}.Debug|Any CPU.Build.0 = Debug|Any CPU
		{11E73F22-B085-4DDC-AF35-9F36F66FBEEF}.Release|Any CPU.ActiveCfg = Release|Any CPU
		{11E73F22-B085-4DDC-AF35-9F36F66FBEEF}.Release|Any CPU.Build.0 = Release|Any CPU
	EndGlobalSection
	GlobalSection(SolutionProperties) = preSolution
		HideSolutionNode = FALSE
	EndGlobalSection
	GlobalSection(ExtensibilityGlobals) = postSolution
		SolutionGuid = {809E7C64-2201-45AA-9BC4-9DAA1AE4E2E5}
	EndGlobalSection
EndGlobal
